
Microsoft Visual Studio Solution File, Format Version 12.00
# Visual Studio Version 18
VisualStudioVersion = 18.6.11819.183
MinimumVisualStudioVersion = 10.0.40219.1
Project("{FAE04EC0-301F-11D3-BF4B-00C04F79EFBC}") = "PingApp.Infrastructure", "PingApp.Infrastructure\PingApp.Infrastructure.csproj", "{C83AB4E0-F032-478C-9EA2-549D598B203B}"
EndProject
Project("{FAE04EC0-301F-11D3-BF4B-00C04F79EFBC}") = "PingApp.WinForms", "PingApp.WinForms\PingApp.WinForms.csproj", "{F023F7EC-3E1F-4427-9791-C2C4F8BAD77F}"
EndProject
Project("{FAE04EC0-301F-11D3-BF4B-00C04F79EFBC}") = "PingApp.Domain", "PingApp.Domain\PingApp.Domain.csproj", "{CD1E7221-F555-4C04-8B22-A40823968700}"
EndProject
Project("{FAE04EC0-301F-11D3-BF4B-00C04F79EFBC}") = "PingApp.Application", "PingApp.Application\PingApp.Application.csproj", "{72D0595A-9AD9-4D13-4040-A2015CB8F862}"
EndProject
Project("{FAE04EC0-301F-11D3-BF4B-00C04F79EFBC}") = "PingApp.Worker", "PingApp.Worker\PingApp.Worker.csproj", "{EE61BD03-EB2C-438E-B2F8-FE94DE12B0E6}"
EndProject
Project("{FAE04EC0-301F-11D3-BF4B-00C04F79EFBC}") = "PingApp.UnitTests", "PingApp.UnitTests\PingApp.UnitTests.csproj", "{6297238A-56EA-4345-AFC2-78DC5B03142E}"
EndProject
Project("{FAE04EC0-301F-11D3-BF4B-00C04F79EFBC}") = "PingApp.ArchitectureTests", "PingApp.ArchitectureTests\PingApp.ArchitectureTests.csproj", "{EC5F04A9-B269-4B5F-AAF1-1BADC90E5153}"
EndProject
Project("{FAE04EC0-301F-11D3-BF4B-00C04F79EFBC}") = "PingApp.IntegrationTests", "PingApp.IntegrationTests\PingApp.IntegrationTests.csproj", "{E0984840-17D2-42FD-A685-20056074CA7B}"
EndProject
Project("{2150E333-8FDC-42A3-9474-1A3956D46DE8}") = "src", "src", "{025D9A6D-C892-4B94-9D24-2962A310ABDB}"
EndProject
Project("{2150E333-8FDC-42A3-9474-1A3956D46DE8}") = "tests", "tests", "{E1D53B9E-D121-486E-BA84-59E802C3EFD2}"
EndProject
Project("{FAE04EC0-301F-11D3-BF4B-00C04F79EFBC}") = "PingApp.Api", "PingApp.Api\PingApp.Api.csproj", "{E459FB54-9737-4D6A-A137-77F70897EC70}"
EndProject
Global
	GlobalSection(SolutionConfigurationPlatforms) = preSolution
		Debug|Any CPU = Debug|Any CPU
		Release|Any CPU = Release|Any CPU
	EndGlobalSection
	GlobalSection(ProjectConfigurationPlatforms) = postSolution
		{C83AB4E0-F032-478C-9EA2-549D598B203B}.Debug|Any CPU.ActiveCfg = Debug|Any CPU
		{C83AB4E0-F032-478C-9EA2-549D598B203B}.Debug|Any CPU.Build.0 = Debug|Any CPU
		{C83AB4E0-F032-478C-9EA2-549D598B203B}.Release|Any CPU.ActiveCfg = Release|Any CPU
		{C83AB4E0-F032-478C-9EA2-549D598B203B}.Release|Any CPU.Build.0 = Release|Any CPU
		{F023F7EC-3E1F-4427-9791-C2C4F8BAD77F}.Debug|Any CPU.ActiveCfg = Debug|Any CPU
		{F023F7EC-3E1F-4427-9791-C2C4F8BAD77F}.Debug|Any CPU.Build.0 = Debug|Any CPU
		{F023F7EC-3E1F-4427-9791-C2C4F8BAD77F}.Release|Any CPU.ActiveCfg = Release|Any CPU
		{F023F7EC-3E1F-4427-9791-C2C4F8BAD77F}.Release|Any CPU.Build.0 = Release|Any CPU
		{CD1E7221-F555-4C04-8B22-A40823968700}.Debug|Any CPU.ActiveCfg = Debug|Any CPU
		{CD1E7221-F555-4C04-8B22-A40823968700}.Debug|Any CPU.Build.0 = Debug|Any CPU
		{CD1E7221-F555-4C04-8B22-A40823968700}.Release|Any CPU.ActiveCfg = Release|Any CPU
		{CD1E7221-F555-4C04-8B22-A40823968700}.Release|Any CPU.Build.0 = Release|Any CPU
		{72D0595A-9AD9-4D13-4040-A2015CB8F862}.Debug|Any CPU.ActiveCfg = Debug|Any CPU
		{72D0595A-9AD9-4D13-4040-A2015CB8F862}.Debug|Any CPU.Build.0 = Debug|Any CPU
		{72D0595A-9AD9-4D13-4040-A2015CB8F862}.Release|Any CPU.ActiveCfg = Release|Any CPU
		{72D0595A-9AD9-4D13-4040-A2015CB8F862}.Release|Any CPU.Build.0 = Release|Any CPU
		{EE61BD03-EB2C-438E-B2F8-FE94DE12B0E6}.Debug|Any CPU.ActiveCfg = Debug|Any CPU
		{EE61BD03-EB2C-438E-B2F8-FE94DE12B0E6}.Debug|Any CPU.Build.0 = Debug|Any CPU
		{EE61BD03-EB2C-438E-B2F8-FE94DE12B0E6}.Release|Any CPU.ActiveCfg = Release|Any CPU
		{EE61BD03-EB2C-438E-B2F8-FE94DE12B0E6}.Release|Any CPU.Build.0 = Release|Any CPU
		{6297238A-56EA-4345-AFC2-78DC5B03142E}.Debug|Any CPU.ActiveCfg = Debug|Any CPU
		{6297238A-56EA-4345-AFC2-78DC5B03142E}.Debug|Any CPU.Build.0 = Debug|Any CPU
		{6297238A-56EA-4345-AFC2-78DC5B03142E}.Release|Any CPU.ActiveCfg = Release|Any CPU
		{6297238A-56EA-4345-AFC2-78DC5B03142E}.Release|Any CPU.Build.0 = Release|Any CPU
		{EC5F04A9-B269-4B5F-AAF1-1BADC90E5153}.Debug|Any CPU.ActiveCfg = Debug|Any CPU
		{EC5F04A9-B269-4B5F-AAF1-1BADC90E5153}.Debug|Any CPU.Build.0 = Debug|Any CPU
		{EC5F04A9-B269-4B5F-AAF1-1BADC90E5153}.Release|Any CPU.ActiveCfg = Release|Any CPU
		{EC5F04A9-B269-4B5F-AAF1-1BADC90E5153}.Release|Any CPU.Build.0 = Release|Any CPU
		{E0984840-17D2-42FD-A685-20056074CA7B}.Debug|Any CPU.ActiveCfg = Debug|Any CPU
		{E0984840-17D2-42FD-A685-20056074CA7B}.Debug|Any CPU.Build.0 = Debug|Any CPU
		{E0984840-17D2-42FD-A685-20056074CA7B}.Release|Any CPU.ActiveCfg = Release|Any CPU
		{E0984840-17D2-42FD-A685-20056074CA7B}.Release|Any CPU.Build.0 = Release|Any CPU
		{E459FB54-9737-4D6A-A137-77F70897EC70}.Debug|Any CPU.ActiveCfg = Debug|Any CPU
		{E459FB54-9737-4D6A-A137-77F70897EC70}.Debug|Any CPU.Build.0 = Debug|Any CPU
		{E459FB54-9737-4D6A-A137-77F70897EC70}.Release|Any CPU.ActiveCfg = Release|Any CPU
		{E459FB54-9737-4D6A-A137-77F70897EC70}.Release|Any CPU.Build.0 = Release|Any CPU
	EndGlobalSection
	GlobalSection(SolutionProperties) = preSolution
		HideSolutionNode = FALSE
	EndGlobalSection
	GlobalSection(NestedProjects) = preSolution
		{C83AB4E0-F032-478C-9EA2-549D598B203B} = {025D9A6D-C892-4B94-9D24-2962A310ABDB}
		{F023F7EC-3E1F-4427-9791-C2C4F8BAD77F} = {025D9A6D-C892-4B94-9D24-2962A310ABDB}
		{CD1E7221-F555-4C04-8B22-A40823968700} = {025D9A6D-C892-4B94-9D24-2962A310ABDB}
		{72D0595A-9AD9-4D13-4040-A2015CB8F862} = {025D9A6D-C892-4B94-9D24-2962A310ABDB}
		{EE61BD03-EB2C-438E-B2F8-FE94DE12B0E6} = {025D9A6D-C892-4B94-9D24-2962A310ABDB}
		{6297238A-56EA-4345-AFC2-78DC5B03142E} = {E1D53B9E-D121-486E-BA84-59E802C3EFD2}
		{EC5F04A9-B269-4B5F-AAF1-1BADC90E5153} = {E1D53B9E-D121-486E-BA84-59E802C3EFD2}
		{E0984840-17D2-42FD-A685-20056074CA7B} = {E1D53B9E-D121-486E-BA84-59E802C3EFD2}
		{E459FB54-9737-4D6A-A137-77F70897EC70} = {025D9A6D-C892-4B94-9D24-2962A310ABDB}
	EndGlobalSection
	GlobalSection(ExtensibilityGlobals) = postSolution
		SolutionGuid = {DD6B4CC6-1FA1-4B86-AEA8-2192CA950338}
	EndGlobalSection
EndGlobal
